// !$*UTF8*$!
{
	archiveVersion = 1;
	classes = {
	};
	objectVersion = 45;
	objects = {

/* Begin PBXBuildFile section */
		30844F6510A2F19E00942379 /* CloudAppPlugin.m in Sources */ = {isa = PBXBuildFile; fileRef = 30844F6410A2F19E00942379 /* CloudAppPlugin.m */; };
		4B08AB541391F1DB00325181 /* RMUploadKit.framework in Frameworks */ = {isa = PBXBuildFile; fileRef = 4B08AB531391F1DB00325181 /* RMUploadKit.framework */; };
		4B08AB6A1391F1E900325181 /* CloudAppCredentials.m in Sources */ = {isa = PBXBuildFile; fileRef = 4B08AB571391F1E900325181 /* CloudAppCredentials.m */; };
		4B08AB6B1391F1E900325181 /* CloudAppPreset.m in Sources */ = {isa = PBXBuildFile; fileRef = 4B08AB591391F1E900325181 /* CloudAppPreset.m */; };
		4B08AB6C1391F1E900325181 /* CloudAppConstants.m in Sources */ = {isa = PBXBuildFile; fileRef = 4B08AB5D1391F1E900325181 /* CloudAppConstants.m */; };
		4B08AB6D1391F1E900325181 /* CloudApp.tif in Resources */ = {isa = PBXBuildFile; fileRef = 4B08AB5F1391F1E900325181 /* CloudApp.tif */; };
		4B08AB6E1391F1E900325181 /* CredentialsView.xib in Resources */ = {isa = PBXBuildFile; fileRef = 4B08AB601391F1E900325181 /* CredentialsView.xib */; };
		4B08AB6F1391F1E900325181 /* InfoPlist.strings in Resources */ = {isa = PBXBuildFile; fileRef = 4B08AB611391F1E900325181 /* InfoPlist.strings */; };
		4B08AB711391F1E900325181 /* CloudAppUploadTask.m in Sources */ = {isa = PBXBuildFile; fileRef = 4B08AB661391F1E900325181 /* CloudAppUploadTask.m */; };
		4B08AB721391F1E900325181 /* CloudAppCredentialsViewController.m in Sources */ = {isa = PBXBuildFile; fileRef = 4B08AB691391F1E900325181 /* CloudAppCredentialsViewController.m */; };
		4BF6A7681391493B0078092A /* libCloud.a in Frameworks */ = {isa = PBXBuildFile; fileRef = 4BF6A7671391493B0078092A /* libCloud.a */; };
		8D5B49B4048680CD000E48DA /* Cocoa.framework in Frameworks */ = {isa = PBXBuildFile; fileRef = 1058C7ADFEA557BF11CA2CBB /* Cocoa.framework */; };
/* End PBXBuildFile section */

/* Begin PBXContainerItemProxy section */
		4BF6A763139149290078092A /* PBXContainerItemProxy */ = {
			isa = PBXContainerItemProxy;
			containerPortal = 4BF6A75C139149290078092A /* Cloud.xcodeproj */;
			proxyType = 2;
			remoteGlobalIDString = 4B1AB184130B69B900BD6A95;
			remoteInfo = Cloud;
		};
		4BF6A765139149360078092A /* PBXContainerItemProxy */ = {
			isa = PBXContainerItemProxy;
			containerPortal = 4BF6A75C139149290078092A /* Cloud.xcodeproj */;
			proxyType = 1;
			remoteGlobalIDString = 4B1AB183130B69B900BD6A95;
			remoteInfo = Cloud;
		};
/* End PBXContainerItemProxy section */

/* Begin PBXFileReference section */
		089C1672FE841209C02AAC07 /* Foundation.framework */ = {isa = PBXFileReference; lastKnownFileType = wrapper.framework; name = Foundation.framework; path = /System/Library/Frameworks/Foundation.framework; sourceTree = "<absolute>"; };
		089C167FFE841241C02AAC07 /* AppKit.framework */ = {isa = PBXFileReference; lastKnownFileType = wrapper.framework; name = AppKit.framework; path = /System/Library/Frameworks/AppKit.framework; sourceTree = "<absolute>"; };
		1058C7ADFEA557BF11CA2CBB /* Cocoa.framework */ = {isa = PBXFileReference; lastKnownFileType = wrapper.framework; name = Cocoa.framework; path = /System/Library/Frameworks/Cocoa.framework; sourceTree = "<absolute>"; };
		30844F6310A2F19E00942379 /* CloudAppPlugin.h */ = {isa = PBXFileReference; fileEncoding = 4; lastKnownFileType = sourcecode.c.h; path = CloudAppPlugin.h; sourceTree = "<group>"; };
		30844F6410A2F19E00942379 /* CloudAppPlugin.m */ = {isa = PBXFileReference; fileEncoding = 4; lastKnownFileType = sourcecode.c.objc; path = CloudAppPlugin.m; sourceTree = "<group>"; };
		4B08AB531391F1DB00325181 /* RMUploadKit.framework */ = {isa = PBXFileReference; lastKnownFileType = wrapper.framework; name = RMUploadKit.framework; path = Frameworks/RMUploadKit.framework; sourceTree = "<group>"; };
		4B08AB561391F1E900325181 /* CloudAppCredentials.h */ = {isa = PBXFileReference; fileEncoding = 4; lastKnownFileType = sourcecode.c.h; path = CloudAppCredentials.h; sourceTree = "<group>"; };
		4B08AB571391F1E900325181 /* CloudAppCredentials.m */ = {isa = PBXFileReference; fileEncoding = 4; lastKnownFileType = sourcecode.c.objc; path = CloudAppCredentials.m; sourceTree = "<group>"; };
		4B08AB581391F1E900325181 /* CloudAppPreset.h */ = {isa = PBXFileReference; fileEncoding = 4; lastKnownFileType = sourcecode.c.h; path = CloudAppPreset.h; sourceTree = "<group>"; };
		4B08AB591391F1E900325181 /* CloudAppPreset.m */ = {isa = PBXFileReference; fileEncoding = 4; lastKnownFileType = sourcecode.c.objc; path = CloudAppPreset.m; sourceTree = "<group>"; };
		4B08AB5B1391F1E900325181 /* CloudApp_Prefix.pch */ = {isa = PBXFileReference; fileEncoding = 4; lastKnownFileType = sourcecode.c.h; path = CloudApp_Prefix.pch; sourceTree = "<group>"; };
		4B08AB5C1391F1E900325181 /* CloudAppConstants.h */ = {isa = PBXFileReference; fileEncoding = 4; lastKnownFileType = sourcecode.c.h; path = CloudAppConstants.h; sourceTree = "<group>"; };
		4B08AB5D1391F1E900325181 /* CloudAppConstants.m */ = {isa = PBXFileReference; fileEncoding = 4; lastKnownFileType = sourcecode.c.objc; path = CloudAppConstants.m; sourceTree = "<group>"; };
		4B08AB5F1391F1E900325181 /* CloudApp.tif */ = {isa = PBXFileReference; lastKnownFileType = image.tiff; name = CloudApp.tif; path = Resources/CloudApp.tif; sourceTree = "<group>"; };
		4B08AB601391F1E900325181 /* CredentialsView.xib */ = {isa = PBXFileReference; fileEncoding = 4; lastKnownFileType = file.xib; name = CredentialsView.xib; path = Resources/CredentialsView.xib; sourceTree = "<group>"; };
		4B08AB621391F1E900325181 /* English */ = {isa = PBXFileReference; lastKnownFileType = text.plist.strings; name = English; path = English.lproj/InfoPlist.strings; sourceTree = "<group>"; };
		4B08AB651391F1E900325181 /* CloudAppUploadTask.h */ = {isa = PBXFileReference; fileEncoding = 4; lastKnownFileType = sourcecode.c.h; path = CloudAppUploadTask.h; sourceTree = "<group>"; };
		4B08AB661391F1E900325181 /* CloudAppUploadTask.m */ = {isa = PBXFileReference; fileEncoding = 4; lastKnownFileType = sourcecode.c.objc; path = CloudAppUploadTask.m; sourceTree = "<group>"; };
		4B08AB681391F1E900325181 /* CloudAppCredentialsViewController.h */ = {isa = PBXFileReference; fileEncoding = 4; lastKnownFileType = sourcecode.c.h; path = CloudAppCredentialsViewController.h; sourceTree = "<group>"; };
		4B08AB691391F1E900325181 /* CloudAppCredentialsViewController.m */ = {isa = PBXFileReference; fileEncoding = 4; lastKnownFileType = sourcecode.c.objc; path = CloudAppCredentialsViewController.m; sourceTree = "<group>"; };
		4B08AB731391F3EA00325181 /* Info.plist */ = {isa = PBXFileReference; fileEncoding = 4; lastKnownFileType = text.plist.xml; path = Info.plist; sourceTree = "<group>"; };
		4BF6A75C139149290078092A /* Cloud.xcodeproj */ = {isa = PBXFileReference; lastKnownFileType = "wrapper.pb-project"; name = Cloud.xcodeproj; path = Frameworks/libCloud/Source/libCloud/Cloud.xcodeproj; sourceTree = "<group>"; };
		4BF6A7671391493B0078092A /* libCloud.a */ = {isa = PBXFileReference; explicitFileType = archive.ar; path = libCloud.a; sourceTree = SOURCE_ROOT; };
		8D5B49B6048680CD000E48DA /* CloudApp.uploader */ = {isa = PBXFileReference; explicitFileType = wrapper.cfbundle; includeInIndex = 0; path = CloudApp.uploader; sourceTree = BUILT_PRODUCTS_DIR; };
		D2F7E65807B2D6F200F64583 /* CoreData.framework */ = {isa = PBXFileReference; lastKnownFileType = wrapper.framework; name = CoreData.framework; path = /System/Library/Frameworks/CoreData.framework; sourceTree = "<absolute>"; };
/* End PBXFileReference section */

/* Begin PBXFrameworksBuildPhase section */
		8D5B49B3048680CD000E48DA /* Frameworks */ = {
			isa = PBXFrameworksBuildPhase;
			buildActionMask = 2147483647;
			files = (
				4BF6A7681391493B0078092A /* libCloud.a in Frameworks */,
				8D5B49B4048680CD000E48DA /* Cocoa.framework in Frameworks */,
				4B08AB541391F1DB00325181 /* RMUploadKit.framework in Frameworks */,
			);
			runOnlyForDeploymentPostprocessing = 0;
		};
/* End PBXFrameworksBuildPhase section */

/* Begin PBXGroup section */
		089C166AFE841209C02AAC07 /* «PROJECTNAME» */ = {
			isa = PBXGroup;
			children = (
				4BF6A75C139149290078092A /* Cloud.xcodeproj */,
				08FB77AFFE84173DC02AAC07 /* Classes */,
				4B08AB5A1391F1E900325181 /* Other Sources */,
				089C167CFE841241C02AAC07 /* Resources */,
				089C1671FE841209C02AAC07 /* Frameworks and Libraries */,
				19C28FB8FE9D52D311CA2CBB /* Products */,
			);
			name = "«PROJECTNAME»";
			sourceTree = "<group>";
		};
		089C1671FE841209C02AAC07 /* Frameworks and Libraries */ = {
			isa = PBXGroup;
			children = (
				1058C7ACFEA557BF11CA2CBB /* Linked Frameworks */,
				1058C7AEFEA557BF11CA2CBB /* Other Frameworks */,
			);
			name = "Frameworks and Libraries";
			sourceTree = "<group>";
		};
		089C167CFE841241C02AAC07 /* Resources */ = {
			isa = PBXGroup;
			children = (
				4B08AB731391F3EA00325181 /* Info.plist */,
				4B08AB5F1391F1E900325181 /* CloudApp.tif */,
				4B08AB601391F1E900325181 /* CredentialsView.xib */,
				4B08AB611391F1E900325181 /* InfoPlist.strings */,
			);
			name = Resources;
			sourceTree = "<group>";
		};
		08FB77AFFE84173DC02AAC07 /* Classes */ = {
			isa = PBXGroup;
			children = (
				30844F6310A2F19E00942379 /* CloudAppPlugin.h */,
				30844F6410A2F19E00942379 /* CloudAppPlugin.m */,
				4B08AB641391F1E900325181 /* Uploader */,
				4B08AB551391F1E900325181 /* Model */,
				4B08AB671391F1E900325181 /* View Controllers */,
			);
			name = Classes;
			sourceTree = "<group>";
		};
		1058C7ACFEA557BF11CA2CBB /* Linked Frameworks */ = {
			isa = PBXGroup;
			children = (
				4BF6A7671391493B0078092A /* libCloud.a */,
				4B08AB531391F1DB00325181 /* RMUploadKit.framework */,
				1058C7ADFEA557BF11CA2CBB /* Cocoa.framework */,
			);
			name = "Linked Frameworks";
			sourceTree = "<group>";
		};
		1058C7AEFEA557BF11CA2CBB /* Other Frameworks */ = {
			isa = PBXGroup;
			children = (
				089C167FFE841241C02AAC07 /* AppKit.framework */,
				D2F7E65807B2D6F200F64583 /* CoreData.framework */,
				089C1672FE841209C02AAC07 /* Foundation.framework */,
			);
			name = "Other Frameworks";
			sourceTree = "<group>";
		};
		19C28FB8FE9D52D311CA2CBB /* Products */ = {
			isa = PBXGroup;
			children = (
				8D5B49B6048680CD000E48DA /* CloudApp.uploader */,
			);
			name = Products;
			sourceTree = "<group>";
		};
		4B08AB551391F1E900325181 /* Model */ = {
			isa = PBXGroup;
			children = (
				4B08AB561391F1E900325181 /* CloudAppCredentials.h */,
				4B08AB571391F1E900325181 /* CloudAppCredentials.m */,
				4B08AB581391F1E900325181 /* CloudAppPreset.h */,
				4B08AB591391F1E900325181 /* CloudAppPreset.m */,
			);
			path = Model;
			sourceTree = "<group>";
		};
		4B08AB5A1391F1E900325181 /* Other Sources */ = {
			isa = PBXGroup;
			children = (
				4B08AB5B1391F1E900325181 /* CloudApp_Prefix.pch */,
				4B08AB5C1391F1E900325181 /* CloudAppConstants.h */,
				4B08AB5D1391F1E900325181 /* CloudAppConstants.m */,
			);
			path = "Other Sources";
			sourceTree = "<group>";
		};
		4B08AB641391F1E900325181 /* Uploader */ = {
			isa = PBXGroup;
			children = (
				4B08AB651391F1E900325181 /* CloudAppUploadTask.h */,
				4B08AB661391F1E900325181 /* CloudAppUploadTask.m */,
			);
			path = Uploader;
			sourceTree = "<group>";
		};
		4B08AB671391F1E900325181 /* View Controllers */ = {
			isa = PBXGroup;
			children = (
				4B08AB681391F1E900325181 /* CloudAppCredentialsViewController.h */,
				4B08AB691391F1E900325181 /* CloudAppCredentialsViewController.m */,
			);
			path = "View Controllers";
			sourceTree = "<group>";
		};
		4BF6A75D139149290078092A /* Products */ = {
			isa = PBXGroup;
			children = (
				4BF6A764139149290078092A /* libCloud.a */,
			);
			name = Products;
			sourceTree = "<group>";
		};
/* End PBXGroup section */

/* Begin PBXNativeTarget section */
		8D5B49AC048680CD000E48DA /* CloudApp */ = {
			isa = PBXNativeTarget;
			buildConfigurationList = 1DEB913A08733D840010E9CD /* Build configuration list for PBXNativeTarget "CloudApp" */;
			buildPhases = (
				8D5B49AF048680CD000E48DA /* Resources */,
				8D5B49B1048680CD000E48DA /* Sources */,
				8D5B49B3048680CD000E48DA /* Frameworks */,
			);
			buildRules = (
			);
			dependencies = (
				4BF6A766139149360078092A /* PBXTargetDependency */,
			);
			name = CloudApp;
			productInstallPath = "$(HOME)/Library/Bundles";
			productName = "«PROJECTNAME»";
			productReference = 8D5B49B6048680CD000E48DA /* CloudApp.uploader */;
			productType = "com.apple.product-type.bundle";
		};
/* End PBXNativeTarget section */

/* Begin PBXProject section */
		089C1669FE841209C02AAC07 /* Project object */ = {
			isa = PBXProject;
			buildConfigurationList = 1DEB913E08733D840010E9CD /* Build configuration list for PBXProject "CloudApp" */;
			compatibilityVersion = "Xcode 3.1";
			developmentRegion = English;
			hasScannedForEncodings = 1;
			knownRegions = (
				English,
				Japanese,
				French,
				German,
			);
			mainGroup = 089C166AFE841209C02AAC07 /* «PROJECTNAME» */;
			projectDirPath = "";
			projectReferences = (
				{
					ProductGroup = 4BF6A75D139149290078092A /* Products */;
					ProjectRef = 4BF6A75C139149290078092A /* Cloud.xcodeproj */;
				},
			);
			projectRoot = "";
			targets = (
				8D5B49AC048680CD000E48DA /* CloudApp */,
			);
		};
/* End PBXProject section */

/* Begin PBXReferenceProxy section */
		4BF6A764139149290078092A /* libCloud.a */ = {
			isa = PBXReferenceProxy;
			fileType = archive.ar;
			path = libCloud.a;
			remoteRef = 4BF6A763139149290078092A /* PBXContainerItemProxy */;
			sourceTree = BUILT_PRODUCTS_DIR;
		};
/* End PBXReferenceProxy section */

/* Begin PBXResourcesBuildPhase section */
		8D5B49AF048680CD000E48DA /* Resources */ = {
			isa = PBXResourcesBuildPhase;
			buildActionMask = 2147483647;
			files = (
				4B08AB6D1391F1E900325181 /* CloudApp.tif in Resources */,
				4B08AB6E1391F1E900325181 /* CredentialsView.xib in Resources */,
				4B08AB6F1391F1E900325181 /* InfoPlist.strings in Resources */,
			);
			runOnlyForDeploymentPostprocessing = 0;
		};
/* End PBXResourcesBuildPhase section */

/* Begin PBXSourcesBuildPhase section */
		8D5B49B1048680CD000E48DA /* Sources */ = {
			isa = PBXSourcesBuildPhase;
			buildActionMask = 2147483647;
			files = (
				30844F6510A2F19E00942379 /* CloudAppPlugin.m in Sources */,
				4B08AB6A1391F1E900325181 /* CloudAppCredentials.m in Sources */,
				4B08AB6B1391F1E900325181 /* CloudAppPreset.m in Sources */,
				4B08AB6C1391F1E900325181 /* CloudAppConstants.m in Sources */,
				4B08AB711391F1E900325181 /* CloudAppUploadTask.m in Sources */,
				4B08AB721391F1E900325181 /* CloudAppCredentialsViewController.m in Sources */,
			);
			runOnlyForDeploymentPostprocessing = 0;
		};
/* End PBXSourcesBuildPhase section */

/* Begin PBXTargetDependency section */
		4BF6A766139149360078092A /* PBXTargetDependency */ = {
			isa = PBXTargetDependency;
			name = Cloud;
			targetProxy = 4BF6A765139149360078092A /* PBXContainerItemProxy */;
		};
/* End PBXTargetDependency section */

/* Begin PBXVariantGroup section */
		4B08AB611391F1E900325181 /* InfoPlist.strings */ = {
			isa = PBXVariantGroup;
			children = (
				4B08AB621391F1E900325181 /* English */,
			);
			name = InfoPlist.strings;
			path = Resources;
			sourceTree = "<group>";
		};
/* End PBXVariantGroup section */

/* Begin XCBuildConfiguration section */
		1DEB913B08733D840010E9CD /* Debug */ = {
			isa = XCBuildConfiguration;
			buildSettings = {
				COPY_PHASE_STRIP = NO;
				FRAMEWORK_SEARCH_PATHS = (
					"$(inherited)",
					"\"$(SRCROOT)\"",
					"\"$(SRCROOT)/Frameworks\"",
				);
				GCC_DYNAMIC_NO_PIC = NO;
				GCC_ENABLE_FIX_AND_CONTINUE = YES;
				GCC_MODEL_TUNING = G5;
				GCC_OPTIMIZATION_LEVEL = 0;
				GCC_PRECOMPILE_PREFIX_HEADER = YES;
				GCC_PREFIX_HEADER = CloudApp_Prefix.pch;
				GCC_VERSION = com.apple.compilers.llvm.clang.1_0;
				HEADER_SEARCH_PATHS = "./**";
				INFOPLIST_FILE = Info.plist;
				INSTALL_PATH = "$(HOME)/Library/Bundles";
				LIBRARY_SEARCH_PATHS = (
					"$(inherited)",
					"\"$(SRCROOT)\"",
				);
				OTHER_LDFLAGS = (
					"-ObjC",
					"-all_load",
				);
				PRODUCT_NAME = CloudApp;
				WRAPPER_EXTENSION = uploader;
			};
			name = Debug;
		};
		1DEB913C08733D840010E9CD /* Release */ = {
			isa = XCBuildConfiguration;
			buildSettings = {
				DEBUG_INFORMATION_FORMAT = "dwarf-with-dsym";
				FRAMEWORK_SEARCH_PATHS = (
					"$(inherited)",
					"\"$(SRCROOT)\"",
					"\"$(SRCROOT)/Frameworks\"",
				);
				GCC_MODEL_TUNING = G5;
				GCC_PRECOMPILE_PREFIX_HEADER = YES;
				GCC_PREFIX_HEADER = CloudApp_Prefix.pch;
				GCC_VERSION = com.apple.compilers.llvm.clang.1_0;
				HEADER_SEARCH_PATHS = "./**";
				INFOPLIST_FILE = Info.plist;
				INSTALL_PATH = "$(HOME)/Library/Bundles";
				LIBRARY_SEARCH_PATHS = (
					"$(inherited)",
					"\"$(SRCROOT)\"",
				);
				OTHER_LDFLAGS = (
					"-ObjC",
					"-all_load",
				);
				PRODUCT_NAME = CloudApp;
				WRAPPER_EXTENSION = uploader;
			};
			name = Release;
		};
		1DEB913F08733D840010E9CD /* Debug */ = {
			isa = XCBuildConfiguration;
			buildSettings = {
				ARCHS = "$(ARCHS_STANDARD_64_BIT)";
				GCC_C_LANGUAGE_STANDARD = gnu99;
				GCC_ENABLE_OBJC_GC = required;
				GCC_OPTIMIZATION_LEVEL = 0;
				GCC_VERSION = com.apple.compilers.llvmgcc42;
				GCC_WARN_ABOUT_RETURN_TYPE = YES;
				GCC_WARN_UNUSED_VARIABLE = YES;
				ONLY_ACTIVE_ARCH = YES;
				PREBINDING = NO;
				SDKROOT = macosx10.6;
			};
			name = Debug;
		};
		1DEB914008733D840010E9CD /* Release */ = {
			isa = XCBuildConfiguration;
			buildSettings = {
				ARCHS = "$(ARCHS_STANDARD_64_BIT)";
				GCC_C_LANGUAGE_STANDARD = gnu99;
				GCC_ENABLE_OBJC_GC = required;
				GCC_VERSION = com.apple.compilers.llvmgcc42;
				GCC_WARN_ABOUT_RETURN_TYPE = YES;
				GCC_WARN_UNUSED_VARIABLE = YES;
				PREBINDING = NO;
				SDKROOT = macosx10.6;
			};
			name = Release;
		};
/* End XCBuildConfiguration section */

/* Begin XCConfigurationList section */
		1DEB913A08733D840010E9CD /* Build configuration list for PBXNativeTarget "CloudApp" */ = {
			isa = XCConfigurationList;
			buildConfigurations = (
				1DEB913B08733D840010E9CD /* Debug */,
				1DEB913C08733D840010E9CD /* Release */,
			);
			defaultConfigurationIsVisible = 0;
			defaultConfigurationName = Release;
		};
		1DEB913E08733D840010E9CD /* Build configuration list for PBXProject "CloudApp" */ = {
			isa = XCConfigurationList;
			buildConfigurations = (
				1DEB913F08733D840010E9CD /* Debug */,
				1DEB914008733D840010E9CD /* Release */,
			);
			defaultConfigurationIsVisible = 0;
			defaultConfigurationName = Release;
		};
/* End XCConfigurationList section */
	};
	rootObject = 089C1669FE841209C02AAC07 /* Project object */;
}
